PODS:
  - GVRAudioSDK (1.120.0)

DEPENDENCIES:
  - GVRAudioSDK (= 1.120.0)

SPEC REPOS:
  https://github.com/CocoaPods/Specs.git:
    - GVRAudioSDK

SPEC CHECKSUMS:
  GVRAudioSDK: 302f0a8f190d855868ea07f246ce4f9b44c392ae

PODFILE CHECKSUM: 0f1ec9e3d4eddce9b7c7c01d1df31f91c35aa1d4

COCOAPODS: 1.11.2
